
Microsoft Visual Studio Solution File, Format Version 12.00
# Visual Studio 15
VisualStudioVersion = 15.0.27703.2000
MinimumVisualStudioVersion = 10.0.40219.1
Project("{FAE04EC0-301F-11D3-BF4B-00C04F79EFBC}") = "LeftoversRecipeApp", "LeftoversRecipeApp\LeftoversRecipeApp.csproj", "{D3185455-6A47-4857-BCFA-630C42E9101E}"
EndProject
Project("{FAE04EC0-301F-11D3-BF4B-00C04F79EFBC}") = "RecipeClassLibrary", "RecipeClassLibrary\RecipeClassLibrary.csproj", "{39A96E87-4EF9-46A5-AE2E-0D0626FEAD4B}"
EndProject
Global
	GlobalSection(SolutionConfigurationPlatforms) = preSolution
		Debug|Any CPU = Debug|Any CPU
		Release|Any CPU = Release|Any CPU
	EndGlobalSection
	GlobalSection(ProjectConfigurationPlatforms) = postSolution
		{D3185455-6A47-4857-BCFA-630C42E9101E}.Debug|Any CPU.ActiveCfg = Debug|Any CPU
		{D3185455-6A47-4857-BCFA-630C42E9101E}.Debug|Any CPU.Build.0 = Debug|Any CPU
		{D3185455-6A47-4857-BCFA-630C42E9101E}.Release|Any CPU.ActiveCfg = Release|Any CPU
		{D3185455-6A47-4857-BCFA-630C42E9101E}.Release|Any CPU.Build.0 = Release|Any CPU
		{39A96E87-4EF9-46A5-AE2E-0D0626FEAD4B}.Debug|Any CPU.ActiveCfg = Debug|Any CPU
		{39A96E87-4EF9-46A5-AE2E-0D0626FEAD4B}.Debug|Any CPU.Build.0 = Debug|Any CPU
		{39A96E87-4EF9-46A5-AE2E-0D0626FEAD4B}.Release|Any CPU.ActiveCfg = Release|Any CPU
		{39A96E87-4EF9-46A5-AE2E-0D0626FEAD4B}.Release|Any CPU.Build.0 = Release|Any CPU
	EndGlobalSection
	GlobalSection(SolutionProperties) = preSolution
		HideSolutionNode = FALSE
	EndGlobalSection
	GlobalSection(ExtensibilityGlobals) = postSolution
		SolutionGuid = {4339F52A-0E48-4C63-9D63-E85CA4CAA339}
	EndGlobalSection
EndGlobal
