
Microsoft Visual Studio Solution File, Format Version 12.00
# Visual Studio 15
VisualStudioVersion = 15.0.27703.2000
MinimumVisualStudioVersion = 10.0.40219.1
Project("{FAE04EC0-301F-11D3-BF4B-00C04F79EFBC}") = "GenericSearch", "GenericSearch\GenericSearch.csproj", "{46EDE23E-1000-4B0B-AC24-61C21072B96C}"
EndProject
Project("{FAE04EC0-301F-11D3-BF4B-00C04F79EFBC}") = "GenericSearchUnitTest", "GenericSearchUnitTest\GenericSearchUnitTest.csproj", "{A10FE2CA-41E3-4CCE-9228-EA0CD757BC68}"
EndProject
Global
	GlobalSection(SolutionConfigurationPlatforms) = preSolution
		Debug|Any CPU = Debug|Any CPU
		Release|Any CPU = Release|Any CPU
	EndGlobalSection
	GlobalSection(ProjectConfigurationPlatforms) = postSolution
		{46EDE23E-1000-4B0B-AC24-61C21072B96C}.Debug|Any CPU.ActiveCfg = Debug|Any CPU
		{46EDE23E-1000-4B0B-AC24-61C21072B96C}.Debug|Any CPU.Build.0 = Debug|Any CPU
		{46EDE23E-1000-4B0B-AC24-61C21072B96C}.Release|Any CPU.ActiveCfg = Release|Any CPU
		{46EDE23E-1000-4B0B-AC24-61C21072B96C}.Release|Any CPU.Build.0 = Release|Any CPU
		{A10FE2CA-41E3-4CCE-9228-EA0CD757BC68}.Debug|Any CPU.ActiveCfg = Debug|Any CPU
		{A10FE2CA-41E3-4CCE-9228-EA0CD757BC68}.Debug|Any CPU.Build.0 = Debug|Any CPU
		{A10FE2CA-41E3-4CCE-9228-EA0CD757BC68}.Release|Any CPU.ActiveCfg = Release|Any CPU
		{A10FE2CA-41E3-4CCE-9228-EA0CD757BC68}.Release|Any CPU.Build.0 = Release|Any CPU
	EndGlobalSection
	GlobalSection(SolutionProperties) = preSolution
		HideSolutionNode = FALSE
	EndGlobalSection
	GlobalSection(ExtensibilityGlobals) = postSolution
		SolutionGuid = {C2B62CD4-6294-4FE1-9577-412CDCB22024}
	EndGlobalSection
EndGlobal
